
Microsoft Visual Studio Solution File, Format Version 12.00
# Visual Studio Version 17
VisualStudioVersion = 17.1.32228.430
MinimumVisualStudioVersion = 15.0.26124.0
Project("{9A19103F-16F7-4668-BE54-9A1E7A4F7556}") = "HP_Learning.Web", "HP_Learning.Web\HP_Learning.Web.csproj", "{F7377801-222C-49EC-BF4F-C4D2F5829351}"
EndProject
Project("{2150E333-8FDC-42A3-9474-1A3956D46DE8}") = "Modules", "Modules", "{5911E531-A591-47EA-8157-1EDBA49D23CD}"
EndProject
Project("{9A19103F-16F7-4668-BE54-9A1E7A4F7556}") = "HP_Learning.Module.MainPage", "Modules\HP_Learning.Module.MainPage\HP_Learning.Module.MainPage.csproj", "{5A39675D-EFD7-4274-95AB-BCCF07087F55}"
EndProject
Global
	GlobalSection(SolutionConfigurationPlatforms) = preSolution
		Debug|Any CPU = Debug|Any CPU
		Debug|x64 = Debug|x64
		Debug|x86 = Debug|x86
		Release|Any CPU = Release|Any CPU
		Release|x64 = Release|x64
		Release|x86 = Release|x86
	EndGlobalSection
	GlobalSection(ProjectConfigurationPlatforms) = postSolution
		{F7377801-222C-49EC-BF4F-C4D2F5829351}.Debug|Any CPU.ActiveCfg = Debug|Any CPU
		{F7377801-222C-49EC-BF4F-C4D2F5829351}.Debug|Any CPU.Build.0 = Debug|Any CPU
		{F7377801-222C-49EC-BF4F-C4D2F5829351}.Debug|x64.ActiveCfg = Debug|Any CPU
		{F7377801-222C-49EC-BF4F-C4D2F5829351}.Debug|x64.Build.0 = Debug|Any CPU
		{F7377801-222C-49EC-BF4F-C4D2F5829351}.Debug|x86.ActiveCfg = Debug|Any CPU
		{F7377801-222C-49EC-BF4F-C4D2F5829351}.Debug|x86.Build.0 = Debug|Any CPU
		{F7377801-222C-49EC-BF4F-C4D2F5829351}.Release|Any CPU.ActiveCfg = Release|Any CPU
		{F7377801-222C-49EC-BF4F-C4D2F5829351}.Release|Any CPU.Build.0 = Release|Any CPU
		{F7377801-222C-49EC-BF4F-C4D2F5829351}.Release|x64.ActiveCfg = Release|Any CPU
		{F7377801-222C-49EC-BF4F-C4D2F5829351}.Release|x64.Build.0 = Release|Any CPU
		{F7377801-222C-49EC-BF4F-C4D2F5829351}.Release|x86.ActiveCfg = Release|Any CPU
		{F7377801-222C-49EC-BF4F-C4D2F5829351}.Release|x86.Build.0 = Release|Any CPU
		{5A39675D-EFD7-4274-95AB-BCCF07087F55}.Debug|Any CPU.ActiveCfg = Debug|Any CPU
		{5A39675D-EFD7-4274-95AB-BCCF07087F55}.Debug|Any CPU.Build.0 = Debug|Any CPU
		{5A39675D-EFD7-4274-95AB-BCCF07087F55}.Debug|x64.ActiveCfg = Debug|Any CPU
		{5A39675D-EFD7-4274-95AB-BCCF07087F55}.Debug|x64.Build.0 = Debug|Any CPU
		{5A39675D-EFD7-4274-95AB-BCCF07087F55}.Debug|x86.ActiveCfg = Debug|Any CPU
		{5A39675D-EFD7-4274-95AB-BCCF07087F55}.Debug|x86.Build.0 = Debug|Any CPU
		{5A39675D-EFD7-4274-95AB-BCCF07087F55}.Release|Any CPU.ActiveCfg = Release|Any CPU
		{5A39675D-EFD7-4274-95AB-BCCF07087F55}.Release|Any CPU.Build.0 = Release|Any CPU
		{5A39675D-EFD7-4274-95AB-BCCF07087F55}.Release|x64.ActiveCfg = Release|Any CPU
		{5A39675D-EFD7-4274-95AB-BCCF07087F55}.Release|x64.Build.0 = Release|Any CPU
		{5A39675D-EFD7-4274-95AB-BCCF07087F55}.Release|x86.ActiveCfg = Release|Any CPU
		{5A39675D-EFD7-4274-95AB-BCCF07087F55}.Release|x86.Build.0 = Release|Any CPU
	EndGlobalSection
	GlobalSection(SolutionProperties) = preSolution
		HideSolutionNode = FALSE
	EndGlobalSection
	GlobalSection(NestedProjects) = preSolution
		{5A39675D-EFD7-4274-95AB-BCCF07087F55} = {5911E531-A591-47EA-8157-1EDBA49D23CD}
	EndGlobalSection
	GlobalSection(ExtensibilityGlobals) = postSolution
		SolutionGuid = {7C3D98C4-2574-4C4F-A370-9C9ED17A3AAC}
	EndGlobalSection
EndGlobal
